
Microsoft Visual Studio Solution File, Format Version 12.00
# Visual Studio 15
VisualStudioVersion = 15.0.27130.2024
MinimumVisualStudioVersion = 10.0.40219.1
Project("{9A19103F-16F7-4668-BE54-9A1E7A4F7556}") = "PowerDms.Api.Rest.Client", "PowerDms.Api.Rest.Client\PowerDms.Api.Rest.Client.csproj", "{52E79D0A-1E1C-47E4-B8C7-7A6888E73AC3}"
EndProject
Project("{9A19103F-16F7-4668-BE54-9A1E7A4F7556}") = "PowerDms.Api.Rest.Dto", "PowerDms.Api.Rest.Dto\PowerDms.Api.Rest.Dto.csproj", "{82C847A5-BD6B-4C02-A798-9F3E929368F6}"
EndProject
Project("{9A19103F-16F7-4668-BE54-9A1E7A4F7556}") = "DemoConsoleApp", "..\PowerDms.Api.Rest.Client.Demo\DemoConsoleApp\DemoConsoleApp.csproj", "{4DF7714E-2E85-4183-8BC4-B5519606F2E6}"
EndProject
Global
	GlobalSection(SolutionConfigurationPlatforms) = preSolution
		Debug|Any CPU = Debug|Any CPU
		Release|Any CPU = Release|Any CPU
	EndGlobalSection
	GlobalSection(ProjectConfigurationPlatforms) = postSolution
		{52E79D0A-1E1C-47E4-B8C7-7A6888E73AC3}.Debug|Any CPU.ActiveCfg = Debug|Any CPU
		{52E79D0A-1E1C-47E4-B8C7-7A6888E73AC3}.Debug|Any CPU.Build.0 = Debug|Any CPU
		{52E79D0A-1E1C-47E4-B8C7-7A6888E73AC3}.Release|Any CPU.ActiveCfg = Release|Any CPU
		{52E79D0A-1E1C-47E4-B8C7-7A6888E73AC3}.Release|Any CPU.Build.0 = Release|Any CPU
		{82C847A5-BD6B-4C02-A798-9F3E929368F6}.Debug|Any CPU.ActiveCfg = Debug|Any CPU
		{82C847A5-BD6B-4C02-A798-9F3E929368F6}.Debug|Any CPU.Build.0 = Debug|Any CPU
		{82C847A5-BD6B-4C02-A798-9F3E929368F6}.Release|Any CPU.ActiveCfg = Release|Any CPU
		{82C847A5-BD6B-4C02-A798-9F3E929368F6}.Release|Any CPU.Build.0 = Release|Any CPU
		{4DF7714E-2E85-4183-8BC4-B5519606F2E6}.Debug|Any CPU.ActiveCfg = Debug|Any CPU
		{4DF7714E-2E85-4183-8BC4-B5519606F2E6}.Debug|Any CPU.Build.0 = Debug|Any CPU
		{4DF7714E-2E85-4183-8BC4-B5519606F2E6}.Release|Any CPU.ActiveCfg = Release|Any CPU
		{4DF7714E-2E85-4183-8BC4-B5519606F2E6}.Release|Any CPU.Build.0 = Release|Any CPU
	EndGlobalSection
	GlobalSection(SolutionProperties) = preSolution
		HideSolutionNode = FALSE
	EndGlobalSection
	GlobalSection(ExtensibilityGlobals) = postSolution
		SolutionGuid = {3F0B3793-1593-4C2E-9C80-2190C0DBB86C}
	EndGlobalSection
EndGlobal
